
Microsoft Visual Studio Solution File, Format Version 12.00
# Visual Studio Version 16
VisualStudioVersion = 16.0.809.7
MinimumVisualStudioVersion = 10.0.40219.1
Project("{FAE04EC0-301F-11D3-BF4B-00C04F79EFBC}") = "blazorServerOnlyVersionv1", "blazorServerOnlyVersionv1\blazorServerOnlyVersionv1.csproj", "{DB37F4C2-AEAE-4A83-874D-91A67FDAE18A}"
EndProject
Global
	GlobalSection(SolutionConfigurationPlatforms) = preSolution
		Debug|Any CPU = Debug|Any CPU
		Release|Any CPU = Release|Any CPU
	EndGlobalSection
	GlobalSection(ProjectConfigurationPlatforms) = postSolution
		{DB37F4C2-AEAE-4A83-874D-91A67FDAE18A}.Debug|Any CPU.ActiveCfg = Debug|Any CPU
		{DB37F4C2-AEAE-4A83-874D-91A67FDAE18A}.Debug|Any CPU.Build.0 = Debug|Any CPU
		{DB37F4C2-AEAE-4A83-874D-91A67FDAE18A}.Release|Any CPU.ActiveCfg = Release|Any CPU
		{DB37F4C2-AEAE-4A83-874D-91A67FDAE18A}.Release|Any CPU.Build.0 = Release|Any CPU
	EndGlobalSection
	GlobalSection(SolutionProperties) = preSolution
		HideSolutionNode = FALSE
	EndGlobalSection
	GlobalSection(ExtensibilityGlobals) = postSolution
		SolutionGuid = {28093164-C1AE-4E9F-A8E0-8B8E201D914B}
	EndGlobalSection
EndGlobal
